
Microsoft Visual Studio Solution File, Format Version 12.00
# Visual Studio Version 17
VisualStudioVersion = 17.7.34003.232
MinimumVisualStudioVersion = 10.0.40219.1
Project("{9A19103F-16F7-4668-BE54-9A1E7A4F7556}") = "Entities", "Entities\Entities.csproj", "{8783FBBF-734A-4E88-97FA-99DE40B252DB}"
EndProject
Project("{9A19103F-16F7-4668-BE54-9A1E7A4F7556}") = "DataAccess", "DataAccess\DataAccess.csproj", "{42466896-FA3B-4073-B3C2-971EBD9D83C8}"
EndProject
Project("{9A19103F-16F7-4668-BE54-9A1E7A4F7556}") = "Business", "Business\Business.csproj", "{10A81F50-416F-41BB-84EC-060214F0C26C}"
EndProject
Project("{9A19103F-16F7-4668-BE54-9A1E7A4F7556}") = "ConsoleUI", "ConsoleUI\ConsoleUI.csproj", "{F91AE04F-225D-4729-B076-EB0A818A4D61}"
EndProject
Project("{9A19103F-16F7-4668-BE54-9A1E7A4F7556}") = "Core", "Core\Core.csproj", "{8489A5D4-7FFF-419D-95A1-9B5A0C4299B8}"
EndProject
Project("{FAE04EC0-301F-11D3-BF4B-00C04F79EFBC}") = "WebAPI", "WebAPI\WebAPI.csproj", "{2ED5BA1F-42F6-4C4C-BEBB-F13EB1F7CD58}"
EndProject
Global
	GlobalSection(SolutionConfigurationPlatforms) = preSolution
		Debug|Any CPU = Debug|Any CPU
		Release|Any CPU = Release|Any CPU
	EndGlobalSection
	GlobalSection(ProjectConfigurationPlatforms) = postSolution
		{8783FBBF-734A-4E88-97FA-99DE40B252DB}.Debug|Any CPU.ActiveCfg = Debug|Any CPU
		{8783FBBF-734A-4E88-97FA-99DE40B252DB}.Debug|Any CPU.Build.0 = Debug|Any CPU
		{8783FBBF-734A-4E88-97FA-99DE40B252DB}.Release|Any CPU.ActiveCfg = Release|Any CPU
		{8783FBBF-734A-4E88-97FA-99DE40B252DB}.Release|Any CPU.Build.0 = Release|Any CPU
		{42466896-FA3B-4073-B3C2-971EBD9D83C8}.Debug|Any CPU.ActiveCfg = Debug|Any CPU
		{42466896-FA3B-4073-B3C2-971EBD9D83C8}.Debug|Any CPU.Build.0 = Debug|Any CPU
		{42466896-FA3B-4073-B3C2-971EBD9D83C8}.Release|Any CPU.ActiveCfg = Release|Any CPU
		{42466896-FA3B-4073-B3C2-971EBD9D83C8}.Release|Any CPU.Build.0 = Release|Any CPU
		{10A81F50-416F-41BB-84EC-060214F0C26C}.Debug|Any CPU.ActiveCfg = Debug|Any CPU
		{10A81F50-416F-41BB-84EC-060214F0C26C}.Debug|Any CPU.Build.0 = Debug|Any CPU
		{10A81F50-416F-41BB-84EC-060214F0C26C}.Release|Any CPU.ActiveCfg = Release|Any CPU
		{10A81F50-416F-41BB-84EC-060214F0C26C}.Release|Any CPU.Build.0 = Release|Any CPU
		{F91AE04F-225D-4729-B076-EB0A818A4D61}.Debug|Any CPU.ActiveCfg = Debug|Any CPU
		{F91AE04F-225D-4729-B076-EB0A818A4D61}.Debug|Any CPU.Build.0 = Debug|Any CPU
		{F91AE04F-225D-4729-B076-EB0A818A4D61}.Release|Any CPU.ActiveCfg = Release|Any CPU
		{F91AE04F-225D-4729-B076-EB0A818A4D61}.Release|Any CPU.Build.0 = Release|Any CPU
		{8489A5D4-7FFF-419D-95A1-9B5A0C4299B8}.Debug|Any CPU.ActiveCfg = Debug|Any CPU
		{8489A5D4-7FFF-419D-95A1-9B5A0C4299B8}.Debug|Any CPU.Build.0 = Debug|Any CPU
		{8489A5D4-7FFF-419D-95A1-9B5A0C4299B8}.Release|Any CPU.ActiveCfg = Release|Any CPU
		{8489A5D4-7FFF-419D-95A1-9B5A0C4299B8}.Release|Any CPU.Build.0 = Release|Any CPU
		{2ED5BA1F-42F6-4C4C-BEBB-F13EB1F7CD58}.Debug|Any CPU.ActiveCfg = Debug|Any CPU
		{2ED5BA1F-42F6-4C4C-BEBB-F13EB1F7CD58}.Debug|Any CPU.Build.0 = Debug|Any CPU
		{2ED5BA1F-42F6-4C4C-BEBB-F13EB1F7CD58}.Release|Any CPU.ActiveCfg = Release|Any CPU
		{2ED5BA1F-42F6-4C4C-BEBB-F13EB1F7CD58}.Release|Any CPU.Build.0 = Release|Any CPU
	EndGlobalSection
	GlobalSection(SolutionProperties) = preSolution
		HideSolutionNode = FALSE
	EndGlobalSection
	GlobalSection(ExtensibilityGlobals) = postSolution
		SolutionGuid = {6E90E8D0-2799-49D4-BBB6-E34941B7A458}
	EndGlobalSection
EndGlobal
